// !$*UTF8*$!
{
	archiveVersion = 1;
	classes = {
	};
	objectVersion = 56;
	objects = {

/* Begin PBXBuildFile section */
		D44AF5802A1F0AB700A58361 /* AppDelegate.swift in Sources */ = {isa = PBXBuildFile; fileRef = D44AF57F2A1F0AB700A58361 /* AppDelegate.swift */; };
		D44AF5822A1F0AB700A58361 /* SceneDelegate.swift in Sources */ = {isa = PBXBuildFile; fileRef = D44AF5812A1F0AB700A58361 /* SceneDelegate.swift */; };
		D44AF5842A1F0AB700A58361 /* ViewController.swift in Sources */ = {isa = PBXBuildFile; fileRef = D44AF5832A1F0AB700A58361 /* ViewController.swift */; };
		D44AF5872A1F0AB700A58361 /* Main.storyboard in Resources */ = {isa = PBXBuildFile; fileRef = D44AF5852A1F0AB700A58361 /* Main.storyboard */; };
		D44AF58A2A1F0AB700A58361 /* DogCatRabbit.xcdatamodeld in Sources */ = {isa = PBXBuildFile; fileRef = D44AF5882A1F0AB700A58361 /* DogCatRabbit.xcdatamodeld */; };
		D44AF58C2A1F0AB800A58361 /* Assets.xcassets in Resources */ = {isa = PBXBuildFile; fileRef = D44AF58B2A1F0AB800A58361 /* Assets.xcassets */; };
		D44AF58F2A1F0AB800A58361 /* LaunchScreen.storyboard in Resources */ = {isa = PBXBuildFile; fileRef = D44AF58D2A1F0AB800A58361 /* LaunchScreen.storyboard */; };
		D44AF5972A1F0B0100A58361 /* AnimalClassifier.mlmodel in Sources */ = {isa = PBXBuildFile; fileRef = D44AF5962A1F0B0100A58361 /* AnimalClassifier.mlmodel */; };
/* End PBXBuildFile section */

/* Begin PBXFileReference section */
		D44AF57C2A1F0AB700A58361 /* DogCatRabbit.app */ = {isa = PBXFileReference; explicitFileType = wrapper.application; includeInIndex = 0; path = DogCatRabbit.app; sourceTree = BUILT_PRODUCTS_DIR; };
		D44AF57F2A1F0AB700A58361 /* AppDelegate.swift */ = {isa = PBXFileReference; lastKnownFileType = sourcecode.swift; path = AppDelegate.swift; sourceTree = "<group>"; };
		D44AF5812A1F0AB700A58361 /* SceneDelegate.swift */ = {isa = PBXFileReference; lastKnownFileType = sourcecode.swift; path = SceneDelegate.swift; sourceTree = "<group>"; };
		D44AF5832A1F0AB700A58361 /* ViewController.swift */ = {isa = PBXFileReference; lastKnownFileType = sourcecode.swift; path = ViewController.swift; sourceTree = "<group>"; };
		D44AF5862A1F0AB700A58361 /* Base */ = {isa = PBXFileReference; lastKnownFileType = file.storyboard; name = Base; path = Base.lproj/Main.storyboard; sourceTree = "<group>"; };
		D44AF5892A1F0AB700A58361 /* DogCatRabbit.xcdatamodel */ = {isa = PBXFileReference; lastKnownFileType = wrapper.xcdatamodel; path = DogCatRabbit.xcdatamodel; sourceTree = "<group>"; };
		D44AF58B2A1F0AB800A58361 /* Assets.xcassets */ = {isa = PBXFileReference; lastKnownFileType = folder.assetcatalog; path = Assets.xcassets; sourceTree = "<group>"; };
		D44AF58E2A1F0AB800A58361 /* Base */ = {isa = PBXFileReference; lastKnownFileType = file.storyboard; name = Base; path = Base.lproj/LaunchScreen.storyboard; sourceTree = "<group>"; };
		D44AF5902A1F0AB800A58361 /* Info.plist */ = {isa = PBXFileReference; lastKnownFileType = text.plist.xml; path = Info.plist; sourceTree = "<group>"; };
		D44AF5962A1F0B0100A58361 /* AnimalClassifier.mlmodel */ = {isa = PBXFileReference; lastKnownFileType = file.mlmodel; path = AnimalClassifier.mlmodel; sourceTree = "<group>"; };
/* End PBXFileReference section */

/* Begin PBXFrameworksBuildPhase section */
		D44AF5792A1F0AB700A58361 /* Frameworks */ = {
			isa = PBXFrameworksBuildPhase;
			buildActionMask = 2147483647;
			files = (
			);
			runOnlyForDeploymentPostprocessing = 0;
		};
/* End PBXFrameworksBuildPhase section */

/* Begin PBXGroup section */
		D44AF5732A1F0AB700A58361 = {
			isa = PBXGroup;
			children = (
				D44AF57E2A1F0AB700A58361 /* DogCatRabbit */,
				D44AF57D2A1F0AB700A58361 /* Products */,
			);
			sourceTree = "<group>";
		};
		D44AF57D2A1F0AB700A58361 /* Products */ = {
			isa = PBXGroup;
			children = (
				D44AF57C2A1F0AB700A58361 /* DogCatRabbit.app */,
			);
			name = Products;
			sourceTree = "<group>";
		};
		D44AF57E2A1F0AB700A58361 /* DogCatRabbit */ = {
			isa = PBXGroup;
			children = (
				D44AF57F2A1F0AB700A58361 /* AppDelegate.swift */,
				D44AF5812A1F0AB700A58361 /* SceneDelegate.swift */,
				D44AF5832A1F0AB700A58361 /* ViewController.swift */,
				D44AF5852A1F0AB700A58361 /* Main.storyboard */,
				D44AF58B2A1F0AB800A58361 /* Assets.xcassets */,
				D44AF58D2A1F0AB800A58361 /* LaunchScreen.storyboard */,
				D44AF5902A1F0AB800A58361 /* Info.plist */,
				D44AF5882A1F0AB700A58361 /* DogCatRabbit.xcdatamodeld */,
				D44AF5962A1F0B0100A58361 /* AnimalClassifier.mlmodel */,
			);
			path = DogCatRabbit;
			sourceTree = "<group>";
		};
/* End PBXGroup section */

/* Begin PBXNativeTarget section */
		D44AF57B2A1F0AB700A58361 /* DogCatRabbit */ = {
			isa = PBXNativeTarget;
			buildConfigurationList = D44AF5932A1F0AB800A58361 /* Build configuration list for PBXNativeTarget "DogCatRabbit" */;
			buildPhases = (
				D44AF5782A1F0AB700A58361 /* Sources */,
				D44AF5792A1F0AB700A58361 /* Frameworks */,
				D44AF57A2A1F0AB700A58361 /* Resources */,
			);
			buildRules = (
			);
			dependencies = (
			);
			name = DogCatRabbit;
			productName = DogCatRabbit;
			productReference = D44AF57C2A1F0AB700A58361 /* DogCatRabbit.app */;
			productType = "com.apple.product-type.application";
		};
/* End PBXNativeTarget section */

/* Begin PBXProject section */
		D44AF5742A1F0AB700A58361 /* Project object */ = {
			isa = PBXProject;
			attributes = {
				BuildIndependentTargetsInParallel = 1;
				LastSwiftUpdateCheck = 1420;
				LastUpgradeCheck = 1420;
				TargetAttributes = {
					D44AF57B2A1F0AB700A58361 = {
						CreatedOnToolsVersion = 14.2;
					};
				};
			};
			buildConfigurationList = D44AF5772A1F0AB700A58361 /* Build configuration list for PBXProject "DogCatRabbit" */;
			compatibilityVersion = "Xcode 14.0";
			developmentRegion = en;
			hasScannedForEncodings = 0;
			knownRegions = (
				en,
				Base,
			);
			mainGroup = D44AF5732A1F0AB700A58361;
			productRefGroup = D44AF57D2A1F0AB700A58361 /* Products */;
			projectDirPath = "";
			projectRoot = "";
			targets = (
				D44AF57B2A1F0AB700A58361 /* DogCatRabbit */,
			);
		};
/* End PBXProject section */

/* Begin PBXResourcesBuildPhase section */
		D44AF57A2A1F0AB700A58361 /* Resources */ = {
			isa = PBXResourcesBuildPhase;
			buildActionMask = 2147483647;
			files = (
				D44AF58F2A1F0AB800A58361 /* LaunchScreen.storyboard in Resources */,
				D44AF58C2A1F0AB800A58361 /* Assets.xcassets in Resources */,
				D44AF5872A1F0AB700A58361 /* Main.storyboard in Resources */,
			);
			runOnlyForDeploymentPostprocessing = 0;
		};
/* End PBXResourcesBuildPhase section */

/* Begin PBXSourcesBuildPhase section */
		D44AF5782A1F0AB700A58361 /* Sources */ = {
			isa = PBXSourcesBuildPhase;
			buildActionMask = 2147483647;
			files = (
				D44AF5842A1F0AB700A58361 /* ViewController.swift in Sources */,
				D44AF5802A1F0AB700A58361 /* AppDelegate.swift in Sources */,
				D44AF5822A1F0AB700A58361 /* SceneDelegate.swift in Sources */,
				D44AF5972A1F0B0100A58361 /* AnimalClassifier.mlmodel in Sources */,
				D44AF58A2A1F0AB700A58361 /* DogCatRabbit.xcdatamodeld in Sources */,
			);
			runOnlyForDeploymentPostprocessing = 0;
		};
/* End PBXSourcesBuildPhase section */

/* Begin PBXVariantGroup section */
		D44AF5852A1F0AB700A58361 /* Main.storyboard */ = {
			isa = PBXVariantGroup;
			children = (
				D44AF5862A1F0AB700A58361 /* Base */,
			);
			name = Main.storyboard;
			sourceTree = "<group>";
		};
		D44AF58D2A1F0AB800A58361 /* LaunchScreen.storyboard */ = {
			isa = PBXVariantGroup;
			children = (
				D44AF58E2A1F0AB800A58361 /* Base */,
			);
			name = LaunchScreen.storyboard;
			sourceTree = "<group>";
		};
/* End PBXVariantGroup section */

/* Begin XCBuildConfiguration section */
		D44AF5912A1F0AB800A58361 /* Debug */ = {
			isa = XCBuildConfiguration;
			buildSettings = {
				ALWAYS_SEARCH_USER_PATHS = NO;
				CLANG_ANALYZER_NONNULL = YES;
				CLANG_ANALYZER_NUMBER_OBJECT_CONVERSION = YES_AGGRESSIVE;
				CLANG_CXX_LANGUAGE_STANDARD = "gnu++20";
				CLANG_ENABLE_MODULES = YES;
				CLANG_ENABLE_OBJC_ARC = YES;
				CLANG_ENABLE_OBJC_WEAK = YES;
				CLANG_WARN_BLOCK_CAPTURE_AUTORELEASING = YES;
				CLANG_WARN_BOOL_CONVERSION = YES;
				CLANG_WARN_COMMA = YES;
				CLANG_WARN_CONSTANT_CONVERSION = YES;
				CLANG_WARN_DEPRECATED_OBJC_IMPLEMENTATIONS = YES;
				CLANG_WARN_DIRECT_OBJC_ISA_USAGE = YES_ERROR;
				CLANG_WARN_DOCUMENTATION_COMMENTS = YES;
				CLANG_WARN_EMPTY_BODY = YES;
				CLANG_WARN_ENUM_CONVERSION = YES;
				CLANG_WARN_INFINITE_RECURSION = YES;
				CLANG_WARN_INT_CONVERSION = YES;
				CLANG_WARN_NON_LITERAL_NULL_CONVERSION = YES;
				CLANG_WARN_OBJC_IMPLICIT_RETAIN_SELF = YES;
				CLANG_WARN_OBJC_LITERAL_CONVERSION = YES;
				CLANG_WARN_OBJC_ROOT_CLASS = YES_ERROR;
				CLANG_WARN_QUOTED_INCLUDE_IN_FRAMEWORK_HEADER = YES;
				CLANG_WARN_RANGE_LOOP_ANALYSIS = YES;
				CLANG_WARN_STRICT_PROTOTYPES = YES;
				CLANG_WARN_SUSPICIOUS_MOVE = YES;
				CLANG_WARN_UNGUARDED_AVAILABILITY = YES_AGGRESSIVE;
				CLANG_WARN_UNREACHABLE_CODE = YES;
				CLANG_WARN__DUPLICATE_METHOD_MATCH = YES;
				COPY_PHASE_STRIP = NO;
				DEBUG_INFORMATION_FORMAT = dwarf;
				ENABLE_STRICT_OBJC_MSGSEND = YES;
				ENABLE_TESTABILITY = YES;
				GCC_C_LANGUAGE_STANDARD = gnu11;
				GCC_DYNAMIC_NO_PIC = NO;
				GCC_NO_COMMON_BLOCKS = YES;
				GCC_OPTIMIZATION_LEVEL = 0;
				GCC_PREPROCESSOR_DEFINITIONS = (
					"DEBUG=1",
					"$(inherited)",
				);
				GCC_WARN_64_TO_32_BIT_CONVERSION = YES;
				GCC_WARN_ABOUT_RETURN_TYPE = YES_ERROR;
				GCC_WARN_UNDECLARED_SELECTOR = YES;
				GCC_WARN_UNINITIALIZED_AUTOS = YES_AGGRESSIVE;
				GCC_WARN_UNUSED_FUNCTION = YES;
				GCC_WARN_UNUSED_VARIABLE = YES;
				IPHONEOS_DEPLOYMENT_TARGET = 16.2;
				MTL_ENABLE_DEBUG_INFO = INCLUDE_SOURCE;
				MTL_FAST_MATH = YES;
				ONLY_ACTIVE_ARCH = YES;
				SDKROOT = iphoneos;
				SWIFT_ACTIVE_COMPILATION_CONDITIONS = DEBUG;
				SWIFT_OPTIMIZATION_LEVEL = "-Onone";
			};
			name = Debug;
		};
		D44AF5922A1F0AB800A58361 /* Release */ = {
			isa = XCBuildConfiguration;
			buildSettings = {
				ALWAYS_SEARCH_USER_PATHS = NO;
				CLANG_ANALYZER_NONNULL = YES;
				CLANG_ANALYZER_NUMBER_OBJECT_CONVERSION = YES_AGGRESSIVE;
				CLANG_CXX_LANGUAGE_STANDARD = "gnu++20";
				CLANG_ENABLE_MODULES = YES;
				CLANG_ENABLE_OBJC_ARC = YES;
				CLANG_ENABLE_OBJC_WEAK = YES;
				CLANG_WARN_BLOCK_CAPTURE_AUTORELEASING = YES;
				CLANG_WARN_BOOL_CONVERSION = YES;
				CLANG_WARN_COMMA = YES;
				CLANG_WARN_CONSTANT_CONVERSION = YES;
				CLANG_WARN_DEPRECATED_OBJC_IMPLEMENTATIONS = YES;
				CLANG_WARN_DIRECT_OBJC_ISA_USAGE = YES_ERROR;
				CLANG_WARN_DOCUMENTATION_COMMENTS = YES;
				CLANG_WARN_EMPTY_BODY = YES;
				CLANG_WARN_ENUM_CONVERSION = YES;
				CLANG_WARN_INFINITE_RECURSION = YES;
				CLANG_WARN_INT_CONVERSION = YES;
				CLANG_WARN_NON_LITERAL_NULL_CONVERSION = YES;
				CLANG_WARN_OBJC_IMPLICIT_RETAIN_SELF = YES;
				CLANG_WARN_OBJC_LITERAL_CONVERSION = YES;
				CLANG_WARN_OBJC_ROOT_CLASS = YES_ERROR;
				CLANG_WARN_QUOTED_INCLUDE_IN_FRAMEWORK_HEADER = YES;
				CLANG_WARN_RANGE_LOOP_ANALYSIS = YES;
				CLANG_WARN_STRICT_PROTOTYPES = YES;
				CLANG_WARN_SUSPICIOUS_MOVE = YES;
				CLANG_WARN_UNGUARDED_AVAILABILITY = YES_AGGRESSIVE;
				CLANG_WARN_UNREACHABLE_CODE = YES;
				CLANG_WARN__DUPLICATE_METHOD_MATCH = YES;
				COPY_PHASE_STRIP = NO;
				DEBUG_INFORMATION_FORMAT = "dwarf-with-dsym";
				ENABLE_NS_ASSERTIONS = NO;
				ENABLE_STRICT_OBJC_MSGSEND = YES;
				GCC_C_LANGUAGE_STANDARD = gnu11;
				GCC_NO_COMMON_BLOCKS = YES;
				GCC_WARN_64_TO_32_BIT_CONVERSION = YES;
				GCC_WARN_ABOUT_RETURN_TYPE = YES_ERROR;
				GCC_WARN_UNDECLARED_SELECTOR = YES;
				GCC_WARN_UNINITIALIZED_AUTOS = YES_AGGRESSIVE;
				GCC_WARN_UNUSED_FUNCTION = YES;
				GCC_WARN_UNUSED_VARIABLE = YES;
				IPHONEOS_DEPLOYMENT_TARGET = 16.2;
				MTL_ENABLE_DEBUG_INFO = NO;
				MTL_FAST_MATH = YES;
				SDKROOT = iphoneos;
				SWIFT_COMPILATION_MODE = wholemodule;
				SWIFT_OPTIMIZATION_LEVEL = "-O";
				VALIDATE_PRODUCT = YES;
			};
			name = Release;
		};
		D44AF5942A1F0AB800A58361 /* Debug */ = {
			isa = XCBuildConfiguration;
			buildSettings = {
				ASSETCATALOG_COMPILER_APPICON_NAME = AppIcon;
				ASSETCATALOG_COMPILER_GLOBAL_ACCENT_COLOR_NAME = AccentColor;
				CODE_SIGN_STYLE = Automatic;
				CURRENT_PROJECT_VERSION = 1;
				DEVELOPMENT_TEAM = 776FT3LGC4;
				GENERATE_INFOPLIST_FILE = YES;
				INFOPLIST_FILE = DogCatRabbit/Info.plist;
				INFOPLIST_KEY_UIApplicationSupportsIndirectInputEvents = YES;
				INFOPLIST_KEY_UILaunchStoryboardName = LaunchScreen;
				INFOPLIST_KEY_UIMainStoryboardFile = Main;
				INFOPLIST_KEY_UISupportedInterfaceOrientations_iPad = "UIInterfaceOrientationPortrait UIInterfaceOrientationPortraitUpsideDown UIInterfaceOrientationLandscapeLeft UIInterfaceOrientationLandscapeRight";
				INFOPLIST_KEY_UISupportedInterfaceOrientations_iPhone = "UIInterfaceOrientationPortrait UIInterfaceOrientationLandscapeLeft UIInterfaceOrientationLandscapeRight";
				IPHONEOS_DEPLOYMENT_TARGET = 16.1;
				LD_RUNPATH_SEARCH_PATHS = (
					"$(inherited)",
					"@executable_path/Frameworks",
				);
				MARKETING_VERSION = 1.0;
				PRODUCT_BUNDLE_IDENTIFIER = com.amittandel.DogCatRabbit;
				PRODUCT_NAME = "$(TARGET_NAME)";
				SWIFT_EMIT_LOC_STRINGS = YES;
				SWIFT_VERSION = 5.0;
				TARGETED_DEVICE_FAMILY = "1,2";
			};
			name = Debug;
		};
		D44AF5952A1F0AB800A58361 /* Release */ = {
			isa = XCBuildConfiguration;
			buildSettings = {
				ASSETCATALOG_COMPILER_APPICON_NAME = AppIcon;
				ASSETCATALOG_COMPILER_GLOBAL_ACCENT_COLOR_NAME = AccentColor;
				CODE_SIGN_STYLE = Automatic;
				CURRENT_PROJECT_VERSION = 1;
				DEVELOPMENT_TEAM = 776FT3LGC4;
				GENERATE_INFOPLIST_FILE = YES;
				INFOPLIST_FILE = DogCatRabbit/Info.plist;
				INFOPLIST_KEY_UIApplicationSupportsIndirectInputEvents = YES;
				INFOPLIST_KEY_UILaunchStoryboardName = LaunchScreen;
				INFOPLIST_KEY_UIMainStoryboardFile = Main;
				INFOPLIST_KEY_UISupportedInterfaceOrientations_iPad = "UIInterfaceOrientationPortrait UIInterfaceOrientationPortraitUpsideDown UIInterfaceOrientationLandscapeLeft UIInterfaceOrientationLandscapeRight";
				INFOPLIST_KEY_UISupportedInterfaceOrientations_iPhone = "UIInterfaceOrientationPortrait UIInterfaceOrientationLandscapeLeft UIInterfaceOrientationLandscapeRight";
				IPHONEOS_DEPLOYMENT_TARGET = 16.1;
				LD_RUNPATH_SEARCH_PATHS = (
					"$(inherited)",
					"@executable_path/Frameworks",
				);
				MARKETING_VERSION = 1.0;
				PRODUCT_BUNDLE_IDENTIFIER = com.amittandel.DogCatRabbit;
				PRODUCT_NAME = "$(TARGET_NAME)";
				SWIFT_EMIT_LOC_STRINGS = YES;
				SWIFT_VERSION = 5.0;
				TARGETED_DEVICE_FAMILY = "1,2";
			};
			name = Release;
		};
/* End XCBuildConfiguration section */

/* Begin XCConfigurationList section */
		D44AF5772A1F0AB700A58361 /* Build configuration list for PBXProject "DogCatRabbit" */ = {
			isa = XCConfigurationList;
			buildConfigurations = (
				D44AF5912A1F0AB800A58361 /* Debug */,
				D44AF5922A1F0AB800A58361 /* Release */,
			);
			defaultConfigurationIsVisible = 0;
			defaultConfigurationName = Release;
		};
		D44AF5932A1F0AB800A58361 /* Build configuration list for PBXNativeTarget "DogCatRabbit" */ = {
			isa = XCConfigurationList;
			buildConfigurations = (
				D44AF5942A1F0AB800A58361 /* Debug */,
				D44AF5952A1F0AB800A58361 /* Release */,
			);
			defaultConfigurationIsVisible = 0;
			defaultConfigurationName = Release;
		};
/* End XCConfigurationList section */

/* Begin XCVersionGroup section */
		D44AF5882A1F0AB700A58361 /* DogCatRabbit.xcdatamodeld */ = {
			isa = XCVersionGroup;
			children = (
				D44AF5892A1F0AB700A58361 /* DogCatRabbit.xcdatamodel */,
			);
			currentVersion = D44AF5892A1F0AB700A58361 /* DogCatRabbit.xcdatamodel */;
			path = DogCatRabbit.xcdatamodeld;
			sourceTree = "<group>";
			versionGroupType = wrapper.xcdatamodel;
		};
/* End XCVersionGroup section */
	};
	rootObject = D44AF5742A1F0AB700A58361 /* Project object */;
}
